
Microsoft Visual Studio Solution File, Format Version 12.00
# Visual Studio 2017
Project("{FAE04EC0-301F-11D3-BF4B-00C04F79EFBC}") = "hexsurfer", "hexsurfer.csproj", "{9FF7D0A5-699A-E7C3-9579-7F9CCA0715F5}"
EndProject
Project("{FAE04EC0-301F-11D3-BF4B-00C04F79EFBC}") = "hexsurfer.Plugins", "hexsurfer.Plugins.csproj", "{2CDA15C8-5F27-70F8-130E-223D99158E1C}"
EndProject
Global
	GlobalSection(SolutionConfigurationPlatforms) = preSolution
		Debug|Any CPU = Debug|Any CPU
		Release|Any CPU = Release|Any CPU
	EndGlobalSection
	GlobalSection(ProjectConfigurationPlatforms) = postSolution
		{9FF7D0A5-699A-E7C3-9579-7F9CCA0715F5}.Debug|Any CPU.ActiveCfg = Debug|Any CPU
		{9FF7D0A5-699A-E7C3-9579-7F9CCA0715F5}.Debug|Any CPU.Build.0 = Debug|Any CPU
		{9FF7D0A5-699A-E7C3-9579-7F9CCA0715F5}.Release|Any CPU.ActiveCfg = Release|Any CPU
		{9FF7D0A5-699A-E7C3-9579-7F9CCA0715F5}.Release|Any CPU.Build.0 = Release|Any CPU
		{2CDA15C8-5F27-70F8-130E-223D99158E1C}.Debug|Any CPU.ActiveCfg = Debug|Any CPU
		{2CDA15C8-5F27-70F8-130E-223D99158E1C}.Debug|Any CPU.Build.0 = Debug|Any CPU
		{2CDA15C8-5F27-70F8-130E-223D99158E1C}.Release|Any CPU.ActiveCfg = Release|Any CPU
		{2CDA15C8-5F27-70F8-130E-223D99158E1C}.Release|Any CPU.Build.0 = Release|Any CPU
	EndGlobalSection
	GlobalSection(SolutionProperties) = preSolution
		HideSolutionNode = FALSE
	EndGlobalSection
EndGlobal
